// !$*UTF8*$!
{
	archiveVersion = 1;
	classes = {
	};
	objectVersion = 46;
	objects = {

/* Begin PBXBuildFile section */
		03B1805C1F4D13A1003B690C /* main.m in Sources */ = {isa = PBXBuildFile; fileRef = 03B1805B1F4D13A1003B690C /* main.m */; };
		03B1805F1F4D13A1003B690C /* AppDelegate.m in Sources */ = {isa = PBXBuildFile; fileRef = 03B1805E1F4D13A1003B690C /* AppDelegate.m */; };
		03B180621F4D13A1003B690C /* ViewController.m in Sources */ = {isa = PBXBuildFile; fileRef = 03B180611F4D13A1003B690C /* ViewController.m */; };
		03B180651F4D13A1003B690C /* Main.storyboard in Resources */ = {isa = PBXBuildFile; fileRef = 03B180631F4D13A1003B690C /* Main.storyboard */; };
		03B1806A1F4D13A1003B690C /* LaunchScreen.storyboard in Resources */ = {isa = PBXBuildFile; fileRef = 03B180681F4D13A1003B690C /* LaunchScreen.storyboard */; };
		03B180791F4D140A003B690C /* ColorPickerView.m in Sources */ = {isa = PBXBuildFile; fileRef = 03B180721F4D140A003B690C /* ColorPickerView.m */; };
		03B1807A1F4D140A003B690C /* DrawLine.m in Sources */ = {isa = PBXBuildFile; fileRef = 03B180741F4D140A003B690C /* DrawLine.m */; };
		03B1807B1F4D140A003B690C /* FloatView.m in Sources */ = {isa = PBXBuildFile; fileRef = 03B180761F4D140A003B690C /* FloatView.m */; };
		03B1807C1F4D140A003B690C /* ImageScrollView.m in Sources */ = {isa = PBXBuildFile; fileRef = 03B180781F4D140A003B690C /* ImageScrollView.m */; };
		03B180851F4D141F003B690C /* TacticalBoardController.m in Sources */ = {isa = PBXBuildFile; fileRef = 03B1807E1F4D141F003B690C /* TacticalBoardController.m */; };
		03B180871F4D141F003B690C /* TestViewController.m in Sources */ = {isa = PBXBuildFile; fileRef = 03B180821F4D141F003B690C /* TestViewController.m */; };
		03B180881F4D141F003B690C /* TitleView.m in Sources */ = {isa = PBXBuildFile; fileRef = 03B180841F4D141F003B690C /* TitleView.m */; };
		03B1808A1F4D166A003B690C /* Image.xcassets in Resources */ = {isa = PBXBuildFile; fileRef = 03B180891F4D166A003B690C /* Image.xcassets */; };
/* End PBXBuildFile section */

/* Begin PBXFileReference section */
		03B180571F4D13A1003B690C /* TacticalBoard.app */ = {isa = PBXFileReference; explicitFileType = wrapper.application; includeInIndex = 0; path = TacticalBoard.app; sourceTree = BUILT_PRODUCTS_DIR; };
		03B1805B1F4D13A1003B690C /* main.m */ = {isa = PBXFileReference; lastKnownFileType = sourcecode.c.objc; path = main.m; sourceTree = "<group>"; };
		03B1805D1F4D13A1003B690C /* AppDelegate.h */ = {isa = PBXFileReference; lastKnownFileType = sourcecode.c.h; path = AppDelegate.h; sourceTree = "<group>"; };
		03B1805E1F4D13A1003B690C /* AppDelegate.m */ = {isa = PBXFileReference; lastKnownFileType = sourcecode.c.objc; path = AppDelegate.m; sourceTree = "<group>"; };
		03B180601F4D13A1003B690C /* ViewController.h */ = {isa = PBXFileReference; lastKnownFileType = sourcecode.c.h; path = ViewController.h; sourceTree = "<group>"; };
		03B180611F4D13A1003B690C /* ViewController.m */ = {isa = PBXFileReference; lastKnownFileType = sourcecode.c.objc; path = ViewController.m; sourceTree = "<group>"; };
		03B180641F4D13A1003B690C /* Base */ = {isa = PBXFileReference; lastKnownFileType = file.storyboard; name = Base; path = Base.lproj/Main.storyboard; sourceTree = "<group>"; };
		03B180691F4D13A1003B690C /* Base */ = {isa = PBXFileReference; lastKnownFileType = file.storyboard; name = Base; path = Base.lproj/LaunchScreen.storyboard; sourceTree = "<group>"; };
		03B1806B1F4D13A1003B690C /* Info.plist */ = {isa = PBXFileReference; lastKnownFileType = text.plist.xml; path = Info.plist; sourceTree = "<group>"; };
		03B180711F4D140A003B690C /* ColorPickerView.h */ = {isa = PBXFileReference; fileEncoding = 4; lastKnownFileType = sourcecode.c.h; path = ColorPickerView.h; sourceTree = "<group>"; };
		03B180721F4D140A003B690C /* ColorPickerView.m */ = {isa = PBXFileReference; fileEncoding = 4; lastKnownFileType = sourcecode.c.objc; path = ColorPickerView.m; sourceTree = "<group>"; };
		03B180731F4D140A003B690C /* DrawLine.h */ = {isa = PBXFileReference; fileEncoding = 4; lastKnownFileType = sourcecode.c.h; path = DrawLine.h; sourceTree = "<group>"; };
		03B180741F4D140A003B690C /* DrawLine.m */ = {isa = PBXFileReference; fileEncoding = 4; lastKnownFileType = sourcecode.c.objc; path = DrawLine.m; sourceTree = "<group>"; };
		03B180751F4D140A003B690C /* FloatView.h */ = {isa = PBXFileReference; fileEncoding = 4; lastKnownFileType = sourcecode.c.h; path = FloatView.h; sourceTree = "<group>"; };
		03B180761F4D140A003B690C /* FloatView.m */ = {isa = PBXFileReference; fileEncoding = 4; lastKnownFileType = sourcecode.c.objc; path = FloatView.m; sourceTree = "<group>"; };
		03B180771F4D140A003B690C /* ImageScrollView.h */ = {isa = PBXFileReference; fileEncoding = 4; lastKnownFileType = sourcecode.c.h; path = ImageScrollView.h; sourceTree = "<group>"; };
		03B180781F4D140A003B690C /* ImageScrollView.m */ = {isa = PBXFileReference; fileEncoding = 4; lastKnownFileType = sourcecode.c.objc; path = ImageScrollView.m; sourceTree = "<group>"; };
		03B1807D1F4D141F003B690C /* TacticalBoardController.h */ = {isa = PBXFileReference; fileEncoding = 4; lastKnownFileType = sourcecode.c.h; path = TacticalBoardController.h; sourceTree = "<group>"; };
		03B1807E1F4D141F003B690C /* TacticalBoardController.m */ = {isa = PBXFileReference; fileEncoding = 4; lastKnownFileType = sourcecode.c.objc; path = TacticalBoardController.m; sourceTree = "<group>"; };
		03B1807F1F4D141F003B690C /* TacticalView.h */ = {isa = PBXFileReference; fileEncoding = 4; lastKnownFileType = sourcecode.c.h; path = TacticalView.h; sourceTree = "<group>"; };
		03B180801F4D141F003B690C /* TacticalView.m */ = {isa = PBXFileReference; fileEncoding = 4; lastKnownFileType = sourcecode.c.objc; path = TacticalView.m; sourceTree = "<group>"; };
		03B180811F4D141F003B690C /* TestViewController.h */ = {isa = PBXFileReference; fileEncoding = 4; lastKnownFileType = sourcecode.c.h; path = TestViewController.h; sourceTree = "<group>"; };
		03B180821F4D141F003B690C /* TestViewController.m */ = {isa = PBXFileReference; fileEncoding = 4; lastKnownFileType = sourcecode.c.objc; path = TestViewController.m; sourceTree = "<group>"; };
		03B180831F4D141F003B690C /* TitleView.h */ = {isa = PBXFileReference; fileEncoding = 4; lastKnownFileType = sourcecode.c.h; path = TitleView.h; sourceTree = "<group>"; };
		03B180841F4D141F003B690C /* TitleView.m */ = {isa = PBXFileReference; fileEncoding = 4; lastKnownFileType = sourcecode.c.objc; path = TitleView.m; sourceTree = "<group>"; };
		03B180891F4D166A003B690C /* Image.xcassets */ = {isa = PBXFileReference; lastKnownFileType = folder.assetcatalog; path = Image.xcassets; sourceTree = "<group>"; };
/* End PBXFileReference section */

/* Begin PBXFrameworksBuildPhase section */
		03B180541F4D13A1003B690C /* Frameworks */ = {
			isa = PBXFrameworksBuildPhase;
			buildActionMask = 2147483647;
			files = (
			);
			runOnlyForDeploymentPostprocessing = 0;
		};
/* End PBXFrameworksBuildPhase section */

/* Begin PBXGroup section */
		03B1804E1F4D13A1003B690C = {
			isa = PBXGroup;
			children = (
				03B180591F4D13A1003B690C /* TacticalBoard */,
				03B180581F4D13A1003B690C /* Products */,
				03B180891F4D166A003B690C /* Image.xcassets */,
			);
			sourceTree = "<group>";
		};
		03B180581F4D13A1003B690C /* Products */ = {
			isa = PBXGroup;
			children = (
				03B180571F4D13A1003B690C /* TacticalBoard.app */,
			);
			name = Products;
			sourceTree = "<group>";
		};
		03B180591F4D13A1003B690C /* TacticalBoard */ = {
			isa = PBXGroup;
			children = (
				03B1807D1F4D141F003B690C /* TacticalBoardController.h */,
				03B1807E1F4D141F003B690C /* TacticalBoardController.m */,
				03B1807F1F4D141F003B690C /* TacticalView.h */,
				03B180801F4D141F003B690C /* TacticalView.m */,
				03B180811F4D141F003B690C /* TestViewController.h */,
				03B180821F4D141F003B690C /* TestViewController.m */,
				03B180831F4D141F003B690C /* TitleView.h */,
				03B180841F4D141F003B690C /* TitleView.m */,
				03B180711F4D140A003B690C /* ColorPickerView.h */,
				03B180721F4D140A003B690C /* ColorPickerView.m */,
				03B180731F4D140A003B690C /* DrawLine.h */,
				03B180741F4D140A003B690C /* DrawLine.m */,
				03B180751F4D140A003B690C /* FloatView.h */,
				03B180761F4D140A003B690C /* FloatView.m */,
				03B180771F4D140A003B690C /* ImageScrollView.h */,
				03B180781F4D140A003B690C /* ImageScrollView.m */,
				03B1805D1F4D13A1003B690C /* AppDelegate.h */,
				03B1805E1F4D13A1003B690C /* AppDelegate.m */,
				03B180601F4D13A1003B690C /* ViewController.h */,
				03B180611F4D13A1003B690C /* ViewController.m */,
				03B180631F4D13A1003B690C /* Main.storyboard */,
				03B180681F4D13A1003B690C /* LaunchScreen.storyboard */,
				03B1806B1F4D13A1003B690C /* Info.plist */,
				03B1805A1F4D13A1003B690C /* Supporting Files */,
			);
			path = TacticalBoard;
			sourceTree = "<group>";
		};
		03B1805A1F4D13A1003B690C /* Supporting Files */ = {
			isa = PBXGroup;
			children = (
				03B1805B1F4D13A1003B690C /* main.m */,
			);
			name = "Supporting Files";
			sourceTree = "<group>";
		};
/* End PBXGroup section */

/* Begin PBXNativeTarget section */
		03B180561F4D13A1003B690C /* TacticalBoard */ = {
			isa = PBXNativeTarget;
			buildConfigurationList = 03B1806E1F4D13A1003B690C /* Build configuration list for PBXNativeTarget "TacticalBoard" */;
			buildPhases = (
				03B180531F4D13A1003B690C /* Sources */,
				03B180541F4D13A1003B690C /* Frameworks */,
				03B180551F4D13A1003B690C /* Resources */,
			);
			buildRules = (
			);
			dependencies = (
			);
			name = TacticalBoard;
			productName = TacticalBoard;
			productReference = 03B180571F4D13A1003B690C /* TacticalBoard.app */;
			productType = "com.apple.product-type.application";
		};
/* End PBXNativeTarget section */

/* Begin PBXProject section */
		03B1804F1F4D13A1003B690C /* Project object */ = {
			isa = PBXProject;
			attributes = {
				LastUpgradeCheck = 0830;
				ORGANIZATIONNAME = KevinYeh;
				TargetAttributes = {
					03B180561F4D13A1003B690C = {
						CreatedOnToolsVersion = 8.3.2;
						DevelopmentTeam = 86D45P9B2Q;
						ProvisioningStyle = Automatic;
					};
				};
			};
			buildConfigurationList = 03B180521F4D13A1003B690C /* Build configuration list for PBXProject "TacticalBoard" */;
			compatibilityVersion = "Xcode 3.2";
			developmentRegion = English;
			hasScannedForEncodings = 0;
			knownRegions = (
				en,
				Base,
			);
			mainGroup = 03B1804E1F4D13A1003B690C;
			productRefGroup = 03B180581F4D13A1003B690C /* Products */;
			projectDirPath = "";
			projectRoot = "";
			targets = (
				03B180561F4D13A1003B690C /* TacticalBoard */,
			);
		};
/* End PBXProject section */

/* Begin PBXResourcesBuildPhase section */
		03B180551F4D13A1003B690C /* Resources */ = {
			isa = PBXResourcesBuildPhase;
			buildActionMask = 2147483647;
			files = (
				03B1806A1F4D13A1003B690C /* LaunchScreen.storyboard in Resources */,
				03B1808A1F4D166A003B690C /* Image.xcassets in Resources */,
				03B180651F4D13A1003B690C /* Main.storyboard in Resources */,
			);
			runOnlyForDeploymentPostprocessing = 0;
		};
/* End PBXResourcesBuildPhase section */

/* Begin PBXSourcesBuildPhase section */
		03B180531F4D13A1003B690C /* Sources */ = {
			isa = PBXSourcesBuildPhase;
			buildActionMask = 2147483647;
			files = (
				03B1807C1F4D140A003B690C /* ImageScrollView.m in Sources */,
				03B180791F4D140A003B690C /* ColorPickerView.m in Sources */,
				03B180621F4D13A1003B690C /* ViewController.m in Sources */,
				03B1805F1F4D13A1003B690C /* AppDelegate.m in Sources */,
				03B180871F4D141F003B690C /* TestViewController.m in Sources */,
				03B1805C1F4D13A1003B690C /* main.m in Sources */,
				03B180851F4D141F003B690C /* TacticalBoardController.m in Sources */,
				03B1807A1F4D140A003B690C /* DrawLine.m in Sources */,
				03B180881F4D141F003B690C /* TitleView.m in Sources */,
				03B1807B1F4D140A003B690C /* FloatView.m in Sources */,
			);
			runOnlyForDeploymentPostprocessing = 0;
		};
/* End PBXSourcesBuildPhase section */

/* Begin PBXVariantGroup section */
		03B180631F4D13A1003B690C /* Main.storyboard */ = {
			isa = PBXVariantGroup;
			children = (
				03B180641F4D13A1003B690C /* Base */,
			);
			name = Main.storyboard;
			sourceTree = "<group>";
		};
		03B180681F4D13A1003B690C /* LaunchScreen.storyboard */ = {
			isa = PBXVariantGroup;
			children = (
				03B180691F4D13A1003B690C /* Base */,
			);
			name = LaunchScreen.storyboard;
			sourceTree = "<group>";
		};
/* End PBXVariantGroup section */

/* Begin XCBuildConfiguration section */
		03B1806C1F4D13A1003B690C /* Debug */ = {
			isa = XCBuildConfiguration;
			buildSettings = {
				ALWAYS_SEARCH_USER_PATHS = NO;
				CLANG_ANALYZER_NONNULL = YES;
				CLANG_ANALYZER_NUMBER_OBJECT_CONVERSION = YES_AGGRESSIVE;
				CLANG_CXX_LANGUAGE_STANDARD = "gnu++0x";
				CLANG_CXX_LIBRARY = "libc++";
				CLANG_ENABLE_MODULES = YES;
				CLANG_ENABLE_OBJC_ARC = YES;
				CLANG_WARN_BOOL_CONVERSION = YES;
				CLANG_WARN_CONSTANT_CONVERSION = YES;
				CLANG_WARN_DIRECT_OBJC_ISA_USAGE = YES_ERROR;
				CLANG_WARN_DOCUMENTATION_COMMENTS = YES;
				CLANG_WARN_EMPTY_BODY = YES;
				CLANG_WARN_ENUM_CONVERSION = YES;
				CLANG_WARN_INFINITE_RECURSION = YES;
				CLANG_WARN_INT_CONVERSION = YES;
				CLANG_WARN_OBJC_ROOT_CLASS = YES_ERROR;
				CLANG_WARN_SUSPICIOUS_MOVE = YES;
				CLANG_WARN_UNREACHABLE_CODE = YES;
				CLANG_WARN__DUPLICATE_METHOD_MATCH = YES;
				"CODE_SIGN_IDENTITY[sdk=iphoneos*]" = "iPhone Developer";
				COPY_PHASE_STRIP = NO;
				DEBUG_INFORMATION_FORMAT = dwarf;
				ENABLE_STRICT_OBJC_MSGSEND = YES;
				ENABLE_TESTABILITY = YES;
				GCC_C_LANGUAGE_STANDARD = gnu99;
				GCC_DYNAMIC_NO_PIC = NO;
				GCC_NO_COMMON_BLOCKS = YES;
				GCC_OPTIMIZATION_LEVEL = 0;
				GCC_PREPROCESSOR_DEFINITIONS = (
					"DEBUG=1",
					"$(inherited)",
				);
				GCC_WARN_64_TO_32_BIT_CONVERSION = YES;
				GCC_WARN_ABOUT_RETURN_TYPE = YES_ERROR;
				GCC_WARN_UNDECLARED_SELECTOR = YES;
				GCC_WARN_UNINITIALIZED_AUTOS = YES_AGGRESSIVE;
				GCC_WARN_UNUSED_FUNCTION = YES;
				GCC_WARN_UNUSED_VARIABLE = YES;
				IPHONEOS_DEPLOYMENT_TARGET = 10.3;
				MTL_ENABLE_DEBUG_INFO = YES;
				ONLY_ACTIVE_ARCH = YES;
				SDKROOT = iphoneos;
				TARGETED_DEVICE_FAMILY = "1,2";
			};
			name = Debug;
		};
		03B1806D1F4D13A1003B690C /* Release */ = {
			isa = XCBuildConfiguration;
			buildSettings = {
				ALWAYS_SEARCH_USER_PATHS = NO;
				CLANG_ANALYZER_NONNULL = YES;
				CLANG_ANALYZER_NUMBER_OBJECT_CONVERSION = YES_AGGRESSIVE;
				CLANG_CXX_LANGUAGE_STANDARD = "gnu++0x";
				CLANG_CXX_LIBRARY = "libc++";
				CLANG_ENABLE_MODULES = YES;
				CLANG_ENABLE_OBJC_ARC = YES;
				CLANG_WARN_BOOL_CONVERSION = YES;
				CLANG_WARN_CONSTANT_CONVERSION = YES;
				CLANG_WARN_DIRECT_OBJC_ISA_USAGE = YES_ERROR;
				CLANG_WARN_DOCUMENTATION_COMMENTS = YES;
				CLANG_WARN_EMPTY_BODY = YES;
				CLANG_WARN_ENUM_CONVERSION = YES;
				CLANG_WARN_INFINITE_RECURSION = YES;
				CLANG_WARN_INT_CONVERSION = YES;
				CLANG_WARN_OBJC_ROOT_CLASS = YES_ERROR;
				CLANG_WARN_SUSPICIOUS_MOVE = YES;
				CLANG_WARN_UNREACHABLE_CODE = YES;
				CLANG_WARN__DUPLICATE_METHOD_MATCH = YES;
				"CODE_SIGN_IDENTITY[sdk=iphoneos*]" = "iPhone Developer";
				COPY_PHASE_STRIP = NO;
				DEBUG_INFORMATION_FORMAT = "dwarf-with-dsym";
				ENABLE_NS_ASSERTIONS = NO;
				ENABLE_STRICT_OBJC_MSGSEND = YES;
				GCC_C_LANGUAGE_STANDARD = gnu99;
				GCC_NO_COMMON_BLOCKS = YES;
				GCC_WARN_64_TO_32_BIT_CONVERSION = YES;
				GCC_WARN_ABOUT_RETURN_TYPE = YES_ERROR;
				GCC_WARN_UNDECLARED_SELECTOR = YES;
				GCC_WARN_UNINITIALIZED_AUTOS = YES_AGGRESSIVE;
				GCC_WARN_UNUSED_FUNCTION = YES;
				GCC_WARN_UNUSED_VARIABLE = YES;
				IPHONEOS_DEPLOYMENT_TARGET = 10.3;
				MTL_ENABLE_DEBUG_INFO = NO;
				SDKROOT = iphoneos;
				TARGETED_DEVICE_FAMILY = "1,2";
				VALIDATE_PRODUCT = YES;
			};
			name = Release;
		};
		03B1806F1F4D13A1003B690C /* Debug */ = {
			isa = XCBuildConfiguration;
			buildSettings = {
				ASSETCATALOG_COMPILER_APPICON_NAME = AppIcon;
				DEVELOPMENT_TEAM = 86D45P9B2Q;
				INFOPLIST_FILE = TacticalBoard/Info.plist;
				LD_RUNPATH_SEARCH_PATHS = "$(inherited) @executable_path/Frameworks";
				PRODUCT_BUNDLE_IDENTIFIER = Kevin.TacticalBoard;
				PRODUCT_NAME = "$(TARGET_NAME)";
				TARGETED_DEVICE_FAMILY = 2;
			};
			name = Debug;
		};
		03B180701F4D13A1003B690C /* Release */ = {
			isa = XCBuildConfiguration;
			buildSettings = {
				ASSETCATALOG_COMPILER_APPICON_NAME = AppIcon;
				DEVELOPMENT_TEAM = 86D45P9B2Q;
				INFOPLIST_FILE = TacticalBoard/Info.plist;
				LD_RUNPATH_SEARCH_PATHS = "$(inherited) @executable_path/Frameworks";
				PRODUCT_BUNDLE_IDENTIFIER = Kevin.TacticalBoard;
				PRODUCT_NAME = "$(TARGET_NAME)";
				TARGETED_DEVICE_FAMILY = 2;
			};
			name = Release;
		};
/* End XCBuildConfiguration section */

/* Begin XCConfigurationList section */
		03B180521F4D13A1003B690C /* Build configuration list for PBXProject "TacticalBoard" */ = {
			isa = XCConfigurationList;
			buildConfigurations = (
				03B1806C1F4D13A1003B690C /* Debug */,
				03B1806D1F4D13A1003B690C /* Release */,
			);
			defaultConfigurationIsVisible = 0;
			defaultConfigurationName = Release;
		};
		03B1806E1F4D13A1003B690C /* Build configuration list for PBXNativeTarget "TacticalBoard" */ = {
			isa = XCConfigurationList;
			buildConfigurations = (
				03B1806F1F4D13A1003B690C /* Debug */,
				03B180701F4D13A1003B690C /* Release */,
			);
			defaultConfigurationIsVisible = 0;
		};
/* End XCConfigurationList section */
	};
	rootObject = 03B1804F1F4D13A1003B690C /* Project object */;
}
